
Microsoft Visual Studio Solution File, Format Version 12.00
# Visual Studio Version 16
VisualStudioVersion = 16.0.29519.87
MinimumVisualStudioVersion = 10.0.40219.1
Project("{9A19103F-16F7-4668-BE54-9A1E7A4F7556}") = "SqlQueryStressGUI", "SqlQueryStressGUI\SqlQueryStressGUI.csproj", "{0A77D93F-6B2E-48C7-AC99-3E14D7E85ED9}"
EndProject
Project("{9A19103F-16F7-4668-BE54-9A1E7A4F7556}") = "SqlQueryStressEngine", "SqlQueryStressEngine\SqlQueryStressEngine.csproj", "{C3613CAE-9B8F-4447-A450-1E58F2DEFE62}"
EndProject
Project("{9A19103F-16F7-4668-BE54-9A1E7A4F7556}") = "SqlQueryStressEngine.Tests.Unit", "SqlQueryStress.Tests.Unit\SqlQueryStressEngine.Tests.Unit.csproj", "{6D70BF28-4D5E-42C6-B1F5-B3B1DD9A7FDF}"
EndProject
Project("{9A19103F-16F7-4668-BE54-9A1E7A4F7556}") = "SqlQueryStress.DbProviders", "SqlQueryStress.DbProviders\SqlQueryStress.DbProviders.csproj", "{A63D8220-FE3C-4268-9D47-2412944D9CE9}"
EndProject
Project("{FAE04EC0-301F-11D3-BF4B-00C04F79EFBC}") = "SqlQueryStress.DbProviders.Tests", "SqlQueryStress.DbProviders.Tests\SqlQueryStress.DbProviders.Tests.csproj", "{6B502B62-537E-48F9-987D-C21770E9EAC4}"
EndProject
Global
	GlobalSection(SolutionConfigurationPlatforms) = preSolution
		Debug|Any CPU = Debug|Any CPU
		Release|Any CPU = Release|Any CPU
	EndGlobalSection
	GlobalSection(ProjectConfigurationPlatforms) = postSolution
		{0A77D93F-6B2E-48C7-AC99-3E14D7E85ED9}.Debug|Any CPU.ActiveCfg = Debug|Any CPU
		{0A77D93F-6B2E-48C7-AC99-3E14D7E85ED9}.Debug|Any CPU.Build.0 = Debug|Any CPU
		{0A77D93F-6B2E-48C7-AC99-3E14D7E85ED9}.Release|Any CPU.ActiveCfg = Release|Any CPU
		{0A77D93F-6B2E-48C7-AC99-3E14D7E85ED9}.Release|Any CPU.Build.0 = Release|Any CPU
		{C3613CAE-9B8F-4447-A450-1E58F2DEFE62}.Debug|Any CPU.ActiveCfg = Debug|Any CPU
		{C3613CAE-9B8F-4447-A450-1E58F2DEFE62}.Debug|Any CPU.Build.0 = Debug|Any CPU
		{C3613CAE-9B8F-4447-A450-1E58F2DEFE62}.Release|Any CPU.ActiveCfg = Release|Any CPU
		{C3613CAE-9B8F-4447-A450-1E58F2DEFE62}.Release|Any CPU.Build.0 = Release|Any CPU
		{6D70BF28-4D5E-42C6-B1F5-B3B1DD9A7FDF}.Debug|Any CPU.ActiveCfg = Debug|Any CPU
		{6D70BF28-4D5E-42C6-B1F5-B3B1DD9A7FDF}.Debug|Any CPU.Build.0 = Debug|Any CPU
		{6D70BF28-4D5E-42C6-B1F5-B3B1DD9A7FDF}.Release|Any CPU.ActiveCfg = Release|Any CPU
		{6D70BF28-4D5E-42C6-B1F5-B3B1DD9A7FDF}.Release|Any CPU.Build.0 = Release|Any CPU
		{A63D8220-FE3C-4268-9D47-2412944D9CE9}.Debug|Any CPU.ActiveCfg = Debug|Any CPU
		{A63D8220-FE3C-4268-9D47-2412944D9CE9}.Debug|Any CPU.Build.0 = Debug|Any CPU
		{A63D8220-FE3C-4268-9D47-2412944D9CE9}.Release|Any CPU.ActiveCfg = Release|Any CPU
		{A63D8220-FE3C-4268-9D47-2412944D9CE9}.Release|Any CPU.Build.0 = Release|Any CPU
		{6B502B62-537E-48F9-987D-C21770E9EAC4}.Debug|Any CPU.ActiveCfg = Debug|Any CPU
		{6B502B62-537E-48F9-987D-C21770E9EAC4}.Debug|Any CPU.Build.0 = Debug|Any CPU
		{6B502B62-537E-48F9-987D-C21770E9EAC4}.Release|Any CPU.ActiveCfg = Release|Any CPU
		{6B502B62-537E-48F9-987D-C21770E9EAC4}.Release|Any CPU.Build.0 = Release|Any CPU
	EndGlobalSection
	GlobalSection(SolutionProperties) = preSolution
		HideSolutionNode = FALSE
	EndGlobalSection
	GlobalSection(ExtensibilityGlobals) = postSolution
		SolutionGuid = {FE43BE1B-F72B-46FC-9301-0F29688A8EE5}
	EndGlobalSection
EndGlobal
